
Microsoft Visual Studio Solution File, Format Version 12.00
# Visual Studio 15
VisualStudioVersion = 15.0.27428.2037
MinimumVisualStudioVersion = 10.0.40219.1
Project("{FAE04EC0-301F-11D3-BF4B-00C04F79EFBC}") = "h4tcbvapp", "h4tcbvapp\h4tcbvapp.csproj", "{C74AABEA-3AFB-43C3-A9E5-8C768C8B8710}"
EndProject
Global
	GlobalSection(SolutionConfigurationPlatforms) = preSolution
		Debug|Any CPU = Debug|Any CPU
		Release|Any CPU = Release|Any CPU
	EndGlobalSection
	GlobalSection(ProjectConfigurationPlatforms) = postSolution
		{C74AABEA-3AFB-43C3-A9E5-8C768C8B8710}.Debug|Any CPU.ActiveCfg = Debug|Any CPU
		{C74AABEA-3AFB-43C3-A9E5-8C768C8B8710}.Debug|Any CPU.Build.0 = Debug|Any CPU
		{C74AABEA-3AFB-43C3-A9E5-8C768C8B8710}.Release|Any CPU.ActiveCfg = Release|Any CPU
		{C74AABEA-3AFB-43C3-A9E5-8C768C8B8710}.Release|Any CPU.Build.0 = Release|Any CPU
	EndGlobalSection
	GlobalSection(SolutionProperties) = preSolution
		HideSolutionNode = FALSE
	EndGlobalSection
	GlobalSection(ExtensibilityGlobals) = postSolution
		SolutionGuid = {499ED4A7-DDA2-4513-8D53-6516072897B3}
	EndGlobalSection
EndGlobal
